// !$*UTF8*$!
{
	archiveVersion = 1;
	classes = {
	};
	objectVersion = 46;
	objects = {

/* Begin PBXBuildFile section */
		C2117C191A36C217001E01E6 /* URLViewController.m in Sources */ = {isa = PBXBuildFile; fileRef = C2117C181A36C217001E01E6 /* URLViewController.m */; };
		C2117C1C1A36F4A1001E01E6 /* PhotosByPhotographerMapViewController.m in Sources */ = {isa = PBXBuildFile; fileRef = C2117C1B1A36F4A1001E01E6 /* PhotosByPhotographerMapViewController.m */; };
		C2117C1E1A36F566001E01E6 /* MapKit.framework in Frameworks */ = {isa = PBXBuildFile; fileRef = C2117C1D1A36F566001E01E6 /* MapKit.framework */; };
		C2117C211A36F7F1001E01E6 /* Photo.m in Sources */ = {isa = PBXBuildFile; fileRef = C2117C201A36F7F1001E01E6 /* Photo.m */; };
		C2117C241A36F8F1001E01E6 /* Photo+Annotation.m in Sources */ = {isa = PBXBuildFile; fileRef = C2117C231A36F8F1001E01E6 /* Photo+Annotation.m */; };
		C2E899B31A3564A300F2F54E /* main.m in Sources */ = {isa = PBXBuildFile; fileRef = C2E899B21A3564A300F2F54E /* main.m */; };
		C2E899B61A3564A300F2F54E /* AppDelegate.m in Sources */ = {isa = PBXBuildFile; fileRef = C2E899B51A3564A300F2F54E /* AppDelegate.m */; };
		C2E899BE1A3564A300F2F54E /* Images.xcassets in Resources */ = {isa = PBXBuildFile; fileRef = C2E899BD1A3564A300F2F54E /* Images.xcassets */; };
		C2E899C11A3564A300F2F54E /* LaunchScreen.xib in Resources */ = {isa = PBXBuildFile; fileRef = C2E899BF1A3564A300F2F54E /* LaunchScreen.xib */; };
		C2E899CD1A3564A300F2F54E /* PhotomaniaTests.m in Sources */ = {isa = PBXBuildFile; fileRef = C2E899CC1A3564A300F2F54E /* PhotomaniaTests.m */; };
		C2E899D81A35654E00F2F54E /* Photomania.xcdatamodeld in Sources */ = {isa = PBXBuildFile; fileRef = C2E899D61A35654E00F2F54E /* Photomania.xcdatamodeld */; };
		C2E899E41A35673400F2F54E /* Photographer.m in Sources */ = {isa = PBXBuildFile; fileRef = C2E899E31A35673400F2F54E /* Photographer.m */; };
		C2E899E71A35683000F2F54E /* Photo+Flickr.m in Sources */ = {isa = PBXBuildFile; fileRef = C2E899E61A35683000F2F54E /* Photo+Flickr.m */; };
		C2E899EC1A35696800F2F54E /* FlickrFetcher.m in Sources */ = {isa = PBXBuildFile; fileRef = C2E899EB1A35696800F2F54E /* FlickrFetcher.m */; };
		C2E899EF1A356B7C00F2F54E /* Photographer+Create.m in Sources */ = {isa = PBXBuildFile; fileRef = C2E899EE1A356B7C00F2F54E /* Photographer+Create.m */; };
		C2E899F31A356DB500F2F54E /* CoreDataTableViewController.m in Sources */ = {isa = PBXBuildFile; fileRef = C2E899F21A356DB500F2F54E /* CoreDataTableViewController.m */; };
		C2E899F61A356E5200F2F54E /* PhotographersCDTVC.m in Sources */ = {isa = PBXBuildFile; fileRef = C2E899F51A356E5200F2F54E /* PhotographersCDTVC.m */; };
		C2E899F91A3571D200F2F54E /* Main_iPhone.storyboard in Resources */ = {isa = PBXBuildFile; fileRef = C2E899F71A3571D200F2F54E /* Main_iPhone.storyboard */; };
		C2E899FD1A35733600F2F54E /* AppDelegate+MOC.m in Sources */ = {isa = PBXBuildFile; fileRef = C2E899FC1A35733600F2F54E /* AppDelegate+MOC.m */; };
		C2E89A011A35E7A000F2F54E /* Main_iPad.storyboard in Resources */ = {isa = PBXBuildFile; fileRef = C2E899FF1A35E7A000F2F54E /* Main_iPad.storyboard */; };
		C2E89A041A35E7FB00F2F54E /* ImageViewController.m in Sources */ = {isa = PBXBuildFile; fileRef = C2E89A031A35E7FB00F2F54E /* ImageViewController.m */; };
		C2E89A071A35E96100F2F54E /* PhotosByPhotographerCDTVC.m in Sources */ = {isa = PBXBuildFile; fileRef = C2E89A061A35E96100F2F54E /* PhotosByPhotographerCDTVC.m */; };
		C2E89A0A1A35EFC000F2F54E /* PhotosCDTVC.m in Sources */ = {isa = PBXBuildFile; fileRef = C2E89A091A35EFC000F2F54E /* PhotosCDTVC.m */; };
/* End PBXBuildFile section */

/* Begin PBXContainerItemProxy section */
		C2E899C71A3564A300F2F54E /* PBXContainerItemProxy */ = {
			isa = PBXContainerItemProxy;
			containerPortal = C2E899A51A3564A300F2F54E /* Project object */;
			proxyType = 1;
			remoteGlobalIDString = C2E899AC1A3564A300F2F54E;
			remoteInfo = Photomania;
		};
/* End PBXContainerItemProxy section */

/* Begin PBXFileReference section */
		C2117C171A36C217001E01E6 /* URLViewController.h */ = {isa = PBXFileReference; fileEncoding = 4; lastKnownFileType = sourcecode.c.h; path = URLViewController.h; sourceTree = "<group>"; };
		C2117C181A36C217001E01E6 /* URLViewController.m */ = {isa = PBXFileReference; fileEncoding = 4; lastKnownFileType = sourcecode.c.objc; path = URLViewController.m; sourceTree = "<group>"; };
		C2117C1A1A36F4A1001E01E6 /* PhotosByPhotographerMapViewController.h */ = {isa = PBXFileReference; fileEncoding = 4; lastKnownFileType = sourcecode.c.h; path = PhotosByPhotographerMapViewController.h; sourceTree = "<group>"; };
		C2117C1B1A36F4A1001E01E6 /* PhotosByPhotographerMapViewController.m */ = {isa = PBXFileReference; fileEncoding = 4; lastKnownFileType = sourcecode.c.objc; path = PhotosByPhotographerMapViewController.m; sourceTree = "<group>"; };
		C2117C1D1A36F566001E01E6 /* MapKit.framework */ = {isa = PBXFileReference; lastKnownFileType = wrapper.framework; name = MapKit.framework; path = System/Library/Frameworks/MapKit.framework; sourceTree = SDKROOT; };
		C2117C1F1A36F7F1001E01E6 /* Photo.h */ = {isa = PBXFileReference; fileEncoding = 4; lastKnownFileType = sourcecode.c.h; path = Photo.h; sourceTree = "<group>"; };
		C2117C201A36F7F1001E01E6 /* Photo.m */ = {isa = PBXFileReference; fileEncoding = 4; lastKnownFileType = sourcecode.c.objc; path = Photo.m; sourceTree = "<group>"; };
		C2117C221A36F8F1001E01E6 /* Photo+Annotation.h */ = {isa = PBXFileReference; fileEncoding = 4; lastKnownFileType = sourcecode.c.h; path = "Photo+Annotation.h"; sourceTree = "<group>"; };
		C2117C231A36F8F1001E01E6 /* Photo+Annotation.m */ = {isa = PBXFileReference; fileEncoding = 4; lastKnownFileType = sourcecode.c.objc; path = "Photo+Annotation.m"; sourceTree = "<group>"; };
		C2E899AD1A3564A300F2F54E /* Photomania.app */ = {isa = PBXFileReference; explicitFileType = wrapper.application; includeInIndex = 0; path = Photomania.app; sourceTree = BUILT_PRODUCTS_DIR; };
		C2E899B11A3564A300F2F54E /* Info.plist */ = {isa = PBXFileReference; lastKnownFileType = text.plist.xml; path = Info.plist; sourceTree = "<group>"; };
		C2E899B21A3564A300F2F54E /* main.m */ = {isa = PBXFileReference; lastKnownFileType = sourcecode.c.objc; path = main.m; sourceTree = "<group>"; };
		C2E899B41A3564A300F2F54E /* AppDelegate.h */ = {isa = PBXFileReference; lastKnownFileType = sourcecode.c.h; path = AppDelegate.h; sourceTree = "<group>"; };
		C2E899B51A3564A300F2F54E /* AppDelegate.m */ = {isa = PBXFileReference; lastKnownFileType = sourcecode.c.objc; path = AppDelegate.m; sourceTree = "<group>"; };
		C2E899BD1A3564A300F2F54E /* Images.xcassets */ = {isa = PBXFileReference; lastKnownFileType = folder.assetcatalog; path = Images.xcassets; sourceTree = "<group>"; };
		C2E899C01A3564A300F2F54E /* Base */ = {isa = PBXFileReference; lastKnownFileType = file.xib; name = Base; path = Base.lproj/LaunchScreen.xib; sourceTree = "<group>"; };
		C2E899C61A3564A300F2F54E /* PhotomaniaTests.xctest */ = {isa = PBXFileReference; explicitFileType = wrapper.cfbundle; includeInIndex = 0; path = PhotomaniaTests.xctest; sourceTree = BUILT_PRODUCTS_DIR; };
		C2E899CB1A3564A300F2F54E /* Info.plist */ = {isa = PBXFileReference; lastKnownFileType = text.plist.xml; path = Info.plist; sourceTree = "<group>"; };
		C2E899CC1A3564A300F2F54E /* PhotomaniaTests.m */ = {isa = PBXFileReference; lastKnownFileType = sourcecode.c.objc; path = PhotomaniaTests.m; sourceTree = "<group>"; };
		C2E899D71A35654E00F2F54E /* Photomania.xcdatamodel */ = {isa = PBXFileReference; lastKnownFileType = wrapper.xcdatamodel; path = Photomania.xcdatamodel; sourceTree = "<group>"; };
		C2E899E21A35673400F2F54E /* Photographer.h */ = {isa = PBXFileReference; fileEncoding = 4; lastKnownFileType = sourcecode.c.h; path = Photographer.h; sourceTree = "<group>"; };
		C2E899E31A35673400F2F54E /* Photographer.m */ = {isa = PBXFileReference; fileEncoding = 4; lastKnownFileType = sourcecode.c.objc; path = Photographer.m; sourceTree = "<group>"; };
		C2E899E51A35683000F2F54E /* Photo+Flickr.h */ = {isa = PBXFileReference; fileEncoding = 4; lastKnownFileType = sourcecode.c.h; path = "Photo+Flickr.h"; sourceTree = "<group>"; };
		C2E899E61A35683000F2F54E /* Photo+Flickr.m */ = {isa = PBXFileReference; fileEncoding = 4; lastKnownFileType = sourcecode.c.objc; path = "Photo+Flickr.m"; sourceTree = "<group>"; };
		C2E899E91A35696800F2F54E /* FlickrAPIKey.h */ = {isa = PBXFileReference; fileEncoding = 4; lastKnownFileType = sourcecode.c.h; path = FlickrAPIKey.h; sourceTree = "<group>"; };
		C2E899EA1A35696800F2F54E /* FlickrFetcher.h */ = {isa = PBXFileReference; fileEncoding = 4; lastKnownFileType = sourcecode.c.h; path = FlickrFetcher.h; sourceTree = "<group>"; };
		C2E899EB1A35696800F2F54E /* FlickrFetcher.m */ = {isa = PBXFileReference; fileEncoding = 4; lastKnownFileType = sourcecode.c.objc; path = FlickrFetcher.m; sourceTree = "<group>"; };
		C2E899ED1A356B7C00F2F54E /* Photographer+Create.h */ = {isa = PBXFileReference; fileEncoding = 4; lastKnownFileType = sourcecode.c.h; path = "Photographer+Create.h"; sourceTree = "<group>"; };
		C2E899EE1A356B7C00F2F54E /* Photographer+Create.m */ = {isa = PBXFileReference; fileEncoding = 4; lastKnownFileType = sourcecode.c.objc; path = "Photographer+Create.m"; sourceTree = "<group>"; };
		C2E899F11A356DB500F2F54E /* CoreDataTableViewController.h */ = {isa = PBXFileReference; fileEncoding = 4; lastKnownFileType = sourcecode.c.h; path = CoreDataTableViewController.h; sourceTree = "<group>"; };
		C2E899F21A356DB500F2F54E /* CoreDataTableViewController.m */ = {isa = PBXFileReference; fileEncoding = 4; lastKnownFileType = sourcecode.c.objc; path = CoreDataTableViewController.m; sourceTree = "<group>"; };
		C2E899F41A356E5200F2F54E /* PhotographersCDTVC.h */ = {isa = PBXFileReference; fileEncoding = 4; lastKnownFileType = sourcecode.c.h; path = PhotographersCDTVC.h; sourceTree = "<group>"; };
		C2E899F51A356E5200F2F54E /* PhotographersCDTVC.m */ = {isa = PBXFileReference; fileEncoding = 4; lastKnownFileType = sourcecode.c.objc; path = PhotographersCDTVC.m; sourceTree = "<group>"; };
		C2E899F81A3571D200F2F54E /* Base */ = {isa = PBXFileReference; lastKnownFileType = file.storyboard; name = Base; path = Base.lproj/Main_iPhone.storyboard; sourceTree = "<group>"; };
		C2E899FB1A35733600F2F54E /* AppDelegate+MOC.h */ = {isa = PBXFileReference; fileEncoding = 4; lastKnownFileType = sourcecode.c.h; path = "AppDelegate+MOC.h"; sourceTree = "<group>"; };
		C2E899FC1A35733600F2F54E /* AppDelegate+MOC.m */ = {isa = PBXFileReference; fileEncoding = 4; lastKnownFileType = sourcecode.c.objc; path = "AppDelegate+MOC.m"; sourceTree = "<group>"; };
		C2E899FE1A3585A600F2F54E /* PhotoDatabaseAvailability.h */ = {isa = PBXFileReference; lastKnownFileType = sourcecode.c.h; path = PhotoDatabaseAvailability.h; sourceTree = "<group>"; };
		C2E89A001A35E7A000F2F54E /* Base */ = {isa = PBXFileReference; lastKnownFileType = file.storyboard; name = Base; path = Base.lproj/Main_iPad.storyboard; sourceTree = "<group>"; };
		C2E89A021A35E7FB00F2F54E /* ImageViewController.h */ = {isa = PBXFileReference; fileEncoding = 4; lastKnownFileType = sourcecode.c.h; path = ImageViewController.h; sourceTree = "<group>"; };
		C2E89A031A35E7FB00F2F54E /* ImageViewController.m */ = {isa = PBXFileReference; fileEncoding = 4; lastKnownFileType = sourcecode.c.objc; path = ImageViewController.m; sourceTree = "<group>"; };
		C2E89A051A35E96100F2F54E /* PhotosByPhotographerCDTVC.h */ = {isa = PBXFileReference; fileEncoding = 4; lastKnownFileType = sourcecode.c.h; path = PhotosByPhotographerCDTVC.h; sourceTree = "<group>"; };
		C2E89A061A35E96100F2F54E /* PhotosByPhotographerCDTVC.m */ = {isa = PBXFileReference; fileEncoding = 4; lastKnownFileType = sourcecode.c.objc; path = PhotosByPhotographerCDTVC.m; sourceTree = "<group>"; };
		C2E89A081A35EFC000F2F54E /* PhotosCDTVC.h */ = {isa = PBXFileReference; fileEncoding = 4; lastKnownFileType = sourcecode.c.h; path = PhotosCDTVC.h; sourceTree = "<group>"; };
		C2E89A091A35EFC000F2F54E /* PhotosCDTVC.m */ = {isa = PBXFileReference; fileEncoding = 4; lastKnownFileType = sourcecode.c.objc; path = PhotosCDTVC.m; sourceTree = "<group>"; };
/* End PBXFileReference section */

/* Begin PBXFrameworksBuildPhase section */
		C2E899AA1A3564A300F2F54E /* Frameworks */ = {
			isa = PBXFrameworksBuildPhase;
			buildActionMask = 2147483647;
			files = (
				C2117C1E1A36F566001E01E6 /* MapKit.framework in Frameworks */,
			);
			runOnlyForDeploymentPostprocessing = 0;
		};
		C2E899C31A3564A300F2F54E /* Frameworks */ = {
			isa = PBXFrameworksBuildPhase;
			buildActionMask = 2147483647;
			files = (
			);
			runOnlyForDeploymentPostprocessing = 0;
		};
/* End PBXFrameworksBuildPhase section */

/* Begin PBXGroup section */
		C2E899A41A3564A300F2F54E = {
			isa = PBXGroup;
			children = (
				C2117C1D1A36F566001E01E6 /* MapKit.framework */,
				C2E899AF1A3564A300F2F54E /* Photomania */,
				C2E899C91A3564A300F2F54E /* PhotomaniaTests */,
				C2E899AE1A3564A300F2F54E /* Products */,
			);
			sourceTree = "<group>";
		};
		C2E899AE1A3564A300F2F54E /* Products */ = {
			isa = PBXGroup;
			children = (
				C2E899AD1A3564A300F2F54E /* Photomania.app */,
				C2E899C61A3564A300F2F54E /* PhotomaniaTests.xctest */,
			);
			name = Products;
			sourceTree = "<group>";
		};
		C2E899AF1A3564A300F2F54E /* Photomania */ = {
			isa = PBXGroup;
			children = (
				C2E89A0B1A35F12000F2F54E /* Controllers */,
				C2E899FE1A3585A600F2F54E /* PhotoDatabaseAvailability.h */,
				C2E899F71A3571D200F2F54E /* Main_iPhone.storyboard */,
				C2E899FF1A35E7A000F2F54E /* Main_iPad.storyboard */,
				C2E899ED1A356B7C00F2F54E /* Photographer+Create.h */,
				C2E899EE1A356B7C00F2F54E /* Photographer+Create.m */,
				C2E899E51A35683000F2F54E /* Photo+Flickr.h */,
				C2E899E61A35683000F2F54E /* Photo+Flickr.m */,
				C2117C221A36F8F1001E01E6 /* Photo+Annotation.h */,
				C2117C231A36F8F1001E01E6 /* Photo+Annotation.m */,
				C2E899E21A35673400F2F54E /* Photographer.h */,
				C2E899E31A35673400F2F54E /* Photographer.m */,
				C2117C1F1A36F7F1001E01E6 /* Photo.h */,
				C2117C201A36F7F1001E01E6 /* Photo.m */,
				C2E899D61A35654E00F2F54E /* Photomania.xcdatamodeld */,
				C2E899E81A35696800F2F54E /* Flickr Fetcher */,
				C2E899B01A3564A300F2F54E /* Supporting Files */,
			);
			path = Photomania;
			sourceTree = "<group>";
		};
		C2E899B01A3564A300F2F54E /* Supporting Files */ = {
			isa = PBXGroup;
			children = (
				C2E899B41A3564A300F2F54E /* AppDelegate.h */,
				C2E899B51A3564A300F2F54E /* AppDelegate.m */,
				C2E899BD1A3564A300F2F54E /* Images.xcassets */,
				C2E899BF1A3564A300F2F54E /* LaunchScreen.xib */,
				C2E899B11A3564A300F2F54E /* Info.plist */,
				C2E899B21A3564A300F2F54E /* main.m */,
			);
			name = "Supporting Files";
			sourceTree = "<group>";
		};
		C2E899C91A3564A300F2F54E /* PhotomaniaTests */ = {
			isa = PBXGroup;
			children = (
				C2E899CC1A3564A300F2F54E /* PhotomaniaTests.m */,
				C2E899CA1A3564A300F2F54E /* Supporting Files */,
			);
			path = PhotomaniaTests;
			sourceTree = "<group>";
		};
		C2E899CA1A3564A300F2F54E /* Supporting Files */ = {
			isa = PBXGroup;
			children = (
				C2E899CB1A3564A300F2F54E /* Info.plist */,
			);
			name = "Supporting Files";
			sourceTree = "<group>";
		};
		C2E899E81A35696800F2F54E /* Flickr Fetcher */ = {
			isa = PBXGroup;
			children = (
				C2E899E91A35696800F2F54E /* FlickrAPIKey.h */,
				C2E899EA1A35696800F2F54E /* FlickrFetcher.h */,
				C2E899EB1A35696800F2F54E /* FlickrFetcher.m */,
			);
			path = "Flickr Fetcher";
			sourceTree = "<group>";
		};
		C2E899F01A356DB500F2F54E /* CoreDataTableViewController */ = {
			isa = PBXGroup;
			children = (
				C2E899FA1A35733600F2F54E /* MOC */,
				C2E899F11A356DB500F2F54E /* CoreDataTableViewController.h */,
				C2E899F21A356DB500F2F54E /* CoreDataTableViewController.m */,
			);
			path = CoreDataTableViewController;
			sourceTree = "<group>";
		};
		C2E899FA1A35733600F2F54E /* MOC */ = {
			isa = PBXGroup;
			children = (
				C2E899FB1A35733600F2F54E /* AppDelegate+MOC.h */,
				C2E899FC1A35733600F2F54E /* AppDelegate+MOC.m */,
			);
			path = MOC;
			sourceTree = "<group>";
		};
		C2E89A0B1A35F12000F2F54E /* Controllers */ = {
			isa = PBXGroup;
			children = (
				C2E899F01A356DB500F2F54E /* CoreDataTableViewController */,
				C2E89A081A35EFC000F2F54E /* PhotosCDTVC.h */,
				C2E89A091A35EFC000F2F54E /* PhotosCDTVC.m */,
				C2E89A051A35E96100F2F54E /* PhotosByPhotographerCDTVC.h */,
				C2E89A061A35E96100F2F54E /* PhotosByPhotographerCDTVC.m */,
				C2E899F41A356E5200F2F54E /* PhotographersCDTVC.h */,
				C2E899F51A356E5200F2F54E /* PhotographersCDTVC.m */,
				C2E89A021A35E7FB00F2F54E /* ImageViewController.h */,
				C2E89A031A35E7FB00F2F54E /* ImageViewController.m */,
				C2117C171A36C217001E01E6 /* URLViewController.h */,
				C2117C181A36C217001E01E6 /* URLViewController.m */,
				C2117C1A1A36F4A1001E01E6 /* PhotosByPhotographerMapViewController.h */,
				C2117C1B1A36F4A1001E01E6 /* PhotosByPhotographerMapViewController.m */,
			);
			name = Controllers;
			sourceTree = "<group>";
		};
/* End PBXGroup section */

/* Begin PBXNativeTarget section */
		C2E899AC1A3564A300F2F54E /* Photomania */ = {
			isa = PBXNativeTarget;
			buildConfigurationList = C2E899D01A3564A300F2F54E /* Build configuration list for PBXNativeTarget "Photomania" */;
			buildPhases = (
				C2E899A91A3564A300F2F54E /* Sources */,
				C2E899AA1A3564A300F2F54E /* Frameworks */,
				C2E899AB1A3564A300F2F54E /* Resources */,
			);
			buildRules = (
			);
			dependencies = (
			);
			name = Photomania;
			productName = Photomania;
			productReference = C2E899AD1A3564A300F2F54E /* Photomania.app */;
			productType = "com.apple.product-type.application";
		};
		C2E899C51A3564A300F2F54E /* PhotomaniaTests */ = {
			isa = PBXNativeTarget;
			buildConfigurationList = C2E899D31A3564A300F2F54E /* Build configuration list for PBXNativeTarget "PhotomaniaTests" */;
			buildPhases = (
				C2E899C21A3564A300F2F54E /* Sources */,
				C2E899C31A3564A300F2F54E /* Frameworks */,
				C2E899C41A3564A300F2F54E /* Resources */,
			);
			buildRules = (
			);
			dependencies = (
				C2E899C81A3564A300F2F54E /* PBXTargetDependency */,
			);
			name = PhotomaniaTests;
			productName = PhotomaniaTests;
			productReference = C2E899C61A3564A300F2F54E /* PhotomaniaTests.xctest */;
			productType = "com.apple.product-type.bundle.unit-test";
		};
/* End PBXNativeTarget section */

/* Begin PBXProject section */
		C2E899A51A3564A300F2F54E /* Project object */ = {
			isa = PBXProject;
			attributes = {
				LastUpgradeCheck = 0610;
				ORGANIZATIONNAME = yy;
				TargetAttributes = {
					C2E899AC1A3564A300F2F54E = {
						CreatedOnToolsVersion = 6.1.1;
						SystemCapabilities = {
							com.apple.BackgroundModes = {
								enabled = 1;
							};
						};
					};
					C2E899C51A3564A300F2F54E = {
						CreatedOnToolsVersion = 6.1.1;
						TestTargetID = C2E899AC1A3564A300F2F54E;
					};
				};
			};
			buildConfigurationList = C2E899A81A3564A300F2F54E /* Build configuration list for PBXProject "Photomania" */;
			compatibilityVersion = "Xcode 3.2";
			developmentRegion = English;
			hasScannedForEncodings = 0;
			knownRegions = (
				en,
				Base,
			);
			mainGroup = C2E899A41A3564A300F2F54E;
			productRefGroup = C2E899AE1A3564A300F2F54E /* Products */;
			projectDirPath = "";
			projectRoot = "";
			targets = (
				C2E899AC1A3564A300F2F54E /* Photomania */,
				C2E899C51A3564A300F2F54E /* PhotomaniaTests */,
			);
		};
/* End PBXProject section */

/* Begin PBXResourcesBuildPhase section */
		C2E899AB1A3564A300F2F54E /* Resources */ = {
			isa = PBXResourcesBuildPhase;
			buildActionMask = 2147483647;
			files = (
				C2E899C11A3564A300F2F54E /* LaunchScreen.xib in Resources */,
				C2E89A011A35E7A000F2F54E /* Main_iPad.storyboard in Resources */,
				C2E899BE1A3564A300F2F54E /* Images.xcassets in Resources */,
				C2E899F91A3571D200F2F54E /* Main_iPhone.storyboard in Resources */,
			);
			runOnlyForDeploymentPostprocessing = 0;
		};
		C2E899C41A3564A300F2F54E /* Resources */ = {
			isa = PBXResourcesBuildPhase;
			buildActionMask = 2147483647;
			files = (
			);
			runOnlyForDeploymentPostprocessing = 0;
		};
/* End PBXResourcesBuildPhase section */

/* Begin PBXSourcesBuildPhase section */
		C2E899A91A3564A300F2F54E /* Sources */ = {
			isa = PBXSourcesBuildPhase;
			buildActionMask = 2147483647;
			files = (
				C2E899F61A356E5200F2F54E /* PhotographersCDTVC.m in Sources */,
				C2E899E71A35683000F2F54E /* Photo+Flickr.m in Sources */,
				C2117C191A36C217001E01E6 /* URLViewController.m in Sources */,
				C2E899B61A3564A300F2F54E /* AppDelegate.m in Sources */,
				C2E899EF1A356B7C00F2F54E /* Photographer+Create.m in Sources */,
				C2E899F31A356DB500F2F54E /* CoreDataTableViewController.m in Sources */,
				C2E899B31A3564A300F2F54E /* main.m in Sources */,
				C2E89A041A35E7FB00F2F54E /* ImageViewController.m in Sources */,
				C2E899E41A35673400F2F54E /* Photographer.m in Sources */,
				C2117C1C1A36F4A1001E01E6 /* PhotosByPhotographerMapViewController.m in Sources */,
				C2E89A071A35E96100F2F54E /* PhotosByPhotographerCDTVC.m in Sources */,
				C2117C241A36F8F1001E01E6 /* Photo+Annotation.m in Sources */,
				C2E899EC1A35696800F2F54E /* FlickrFetcher.m in Sources */,
				C2117C211A36F7F1001E01E6 /* Photo.m in Sources */,
				C2E899FD1A35733600F2F54E /* AppDelegate+MOC.m in Sources */,
				C2E899D81A35654E00F2F54E /* Photomania.xcdatamodeld in Sources */,
				C2E89A0A1A35EFC000F2F54E /* PhotosCDTVC.m in Sources */,
			);
			runOnlyForDeploymentPostprocessing = 0;
		};
		C2E899C21A3564A300F2F54E /* Sources */ = {
			isa = PBXSourcesBuildPhase;
			buildActionMask = 2147483647;
			files = (
				C2E899CD1A3564A300F2F54E /* PhotomaniaTests.m in Sources */,
			);
			runOnlyForDeploymentPostprocessing = 0;
		};
/* End PBXSourcesBuildPhase section */

/* Begin PBXTargetDependency section */
		C2E899C81A3564A300F2F54E /* PBXTargetDependency */ = {
			isa = PBXTargetDependency;
			target = C2E899AC1A3564A300F2F54E /* Photomania */;
			targetProxy = C2E899C71A3564A300F2F54E /* PBXContainerItemProxy */;
		};
/* End PBXTargetDependency section */

/* Begin PBXVariantGroup section */
		C2E899BF1A3564A300F2F54E /* LaunchScreen.xib */ = {
			isa = PBXVariantGroup;
			children = (
				C2E899C01A3564A300F2F54E /* Base */,
			);
			name = LaunchScreen.xib;
			sourceTree = "<group>";
		};
		C2E899F71A3571D200F2F54E /* Main_iPhone.storyboard */ = {
			isa = PBXVariantGroup;
			children = (
				C2E899F81A3571D200F2F54E /* Base */,
			);
			name = Main_iPhone.storyboard;
			sourceTree = "<group>";
		};
		C2E899FF1A35E7A000F2F54E /* Main_iPad.storyboard */ = {
			isa = PBXVariantGroup;
			children = (
				C2E89A001A35E7A000F2F54E /* Base */,
			);
			name = Main_iPad.storyboard;
			sourceTree = "<group>";
		};
/* End PBXVariantGroup section */

/* Begin XCBuildConfiguration section */
		C2E899CE1A3564A300F2F54E /* Debug */ = {
			isa = XCBuildConfiguration;
			buildSettings = {
				ALWAYS_SEARCH_USER_PATHS = NO;
				CLANG_CXX_LANGUAGE_STANDARD = "gnu++0x";
				CLANG_CXX_LIBRARY = "libc++";
				CLANG_ENABLE_MODULES = YES;
				CLANG_ENABLE_OBJC_ARC = YES;
				CLANG_WARN_BOOL_CONVERSION = YES;
				CLANG_WARN_CONSTANT_CONVERSION = YES;
				CLANG_WARN_DIRECT_OBJC_ISA_USAGE = YES_ERROR;
				CLANG_WARN_EMPTY_BODY = YES;
				CLANG_WARN_ENUM_CONVERSION = YES;
				CLANG_WARN_INT_CONVERSION = YES;
				CLANG_WARN_OBJC_ROOT_CLASS = YES_ERROR;
				CLANG_WARN_UNREACHABLE_CODE = YES;
				CLANG_WARN__DUPLICATE_METHOD_MATCH = YES;
				"CODE_SIGN_IDENTITY[sdk=iphoneos*]" = "iPhone Developer";
				COPY_PHASE_STRIP = NO;
				ENABLE_STRICT_OBJC_MSGSEND = YES;
				GCC_C_LANGUAGE_STANDARD = gnu99;
				GCC_DYNAMIC_NO_PIC = NO;
				GCC_OPTIMIZATION_LEVEL = 0;
				GCC_PREPROCESSOR_DEFINITIONS = (
					"DEBUG=1",
					"$(inherited)",
				);
				GCC_SYMBOLS_PRIVATE_EXTERN = NO;
				GCC_WARN_64_TO_32_BIT_CONVERSION = YES;
				GCC_WARN_ABOUT_RETURN_TYPE = YES_ERROR;
				GCC_WARN_UNDECLARED_SELECTOR = YES;
				GCC_WARN_UNINITIALIZED_AUTOS = YES_AGGRESSIVE;
				GCC_WARN_UNUSED_FUNCTION = YES;
				GCC_WARN_UNUSED_VARIABLE = YES;
				IPHONEOS_DEPLOYMENT_TARGET = 8.1;
				MTL_ENABLE_DEBUG_INFO = YES;
				ONLY_ACTIVE_ARCH = YES;
				SDKROOT = iphoneos;
				TARGETED_DEVICE_FAMILY = "1,2";
			};
			name = Debug;
		};
		C2E899CF1A3564A300F2F54E /* Release */ = {
			isa = XCBuildConfiguration;
			buildSettings = {
				ALWAYS_SEARCH_USER_PATHS = NO;
				CLANG_CXX_LANGUAGE_STANDARD = "gnu++0x";
				CLANG_CXX_LIBRARY = "libc++";
				CLANG_ENABLE_MODULES = YES;
				CLANG_ENABLE_OBJC_ARC = YES;
				CLANG_WARN_BOOL_CONVERSION = YES;
				CLANG_WARN_CONSTANT_CONVERSION = YES;
				CLANG_WARN_DIRECT_OBJC_ISA_USAGE = YES_ERROR;
				CLANG_WARN_EMPTY_BODY = YES;
				CLANG_WARN_ENUM_CONVERSION = YES;
				CLANG_WARN_INT_CONVERSION = YES;
				CLANG_WARN_OBJC_ROOT_CLASS = YES_ERROR;
				CLANG_WARN_UNREACHABLE_CODE = YES;
				CLANG_WARN__DUPLICATE_METHOD_MATCH = YES;
				"CODE_SIGN_IDENTITY[sdk=iphoneos*]" = "iPhone Developer";
				COPY_PHASE_STRIP = YES;
				ENABLE_NS_ASSERTIONS = NO;
				ENABLE_STRICT_OBJC_MSGSEND = YES;
				GCC_C_LANGUAGE_STANDARD = gnu99;
				GCC_WARN_64_TO_32_BIT_CONVERSION = YES;
				GCC_WARN_ABOUT_RETURN_TYPE = YES_ERROR;
				GCC_WARN_UNDECLARED_SELECTOR = YES;
				GCC_WARN_UNINITIALIZED_AUTOS = YES_AGGRESSIVE;
				GCC_WARN_UNUSED_FUNCTION = YES;
				GCC_WARN_UNUSED_VARIABLE = YES;
				IPHONEOS_DEPLOYMENT_TARGET = 8.1;
				MTL_ENABLE_DEBUG_INFO = NO;
				SDKROOT = iphoneos;
				TARGETED_DEVICE_FAMILY = "1,2";
				VALIDATE_PRODUCT = YES;
			};
			name = Release;
		};
		C2E899D11A3564A300F2F54E /* Debug */ = {
			isa = XCBuildConfiguration;
			buildSettings = {
				ASSETCATALOG_COMPILER_APPICON_NAME = AppIcon;
				INFOPLIST_FILE = Photomania/Info.plist;
				LD_RUNPATH_SEARCH_PATHS = "$(inherited) @executable_path/Frameworks";
				PRODUCT_NAME = "$(TARGET_NAME)";
				TARGETED_DEVICE_FAMILY = 2;
			};
			name = Debug;
		};
		C2E899D21A3564A300F2F54E /* Release */ = {
			isa = XCBuildConfiguration;
			buildSettings = {
				ASSETCATALOG_COMPILER_APPICON_NAME = AppIcon;
				INFOPLIST_FILE = Photomania/Info.plist;
				LD_RUNPATH_SEARCH_PATHS = "$(inherited) @executable_path/Frameworks";
				PRODUCT_NAME = "$(TARGET_NAME)";
				TARGETED_DEVICE_FAMILY = 2;
			};
			name = Release;
		};
		C2E899D41A3564A300F2F54E /* Debug */ = {
			isa = XCBuildConfiguration;
			buildSettings = {
				BUNDLE_LOADER = "$(TEST_HOST)";
				FRAMEWORK_SEARCH_PATHS = (
					"$(SDKROOT)/Developer/Library/Frameworks",
					"$(inherited)",
				);
				GCC_PREPROCESSOR_DEFINITIONS = (
					"DEBUG=1",
					"$(inherited)",
				);
				INFOPLIST_FILE = PhotomaniaTests/Info.plist;
				LD_RUNPATH_SEARCH_PATHS = "$(inherited) @executable_path/Frameworks @loader_path/Frameworks";
				PRODUCT_NAME = "$(TARGET_NAME)";
				TEST_HOST = "$(BUILT_PRODUCTS_DIR)/Photomania.app/Photomania";
			};
			name = Debug;
		};
		C2E899D51A3564A300F2F54E /* Release */ = {
			isa = XCBuildConfiguration;
			buildSettings = {
				BUNDLE_LOADER = "$(TEST_HOST)";
				FRAMEWORK_SEARCH_PATHS = (
					"$(SDKROOT)/Developer/Library/Frameworks",
					"$(inherited)",
				);
				INFOPLIST_FILE = PhotomaniaTests/Info.plist;
				LD_RUNPATH_SEARCH_PATHS = "$(inherited) @executable_path/Frameworks @loader_path/Frameworks";
				PRODUCT_NAME = "$(TARGET_NAME)";
				TEST_HOST = "$(BUILT_PRODUCTS_DIR)/Photomania.app/Photomania";
			};
			name = Release;
		};
/* End XCBuildConfiguration section */

/* Begin XCConfigurationList section */
		C2E899A81A3564A300F2F54E /* Build configuration list for PBXProject "Photomania" */ = {
			isa = XCConfigurationList;
			buildConfigurations = (
				C2E899CE1A3564A300F2F54E /* Debug */,
				C2E899CF1A3564A300F2F54E /* Release */,
			);
			defaultConfigurationIsVisible = 0;
			defaultConfigurationName = Release;
		};
		C2E899D01A3564A300F2F54E /* Build configuration list for PBXNativeTarget "Photomania" */ = {
			isa = XCConfigurationList;
			buildConfigurations = (
				C2E899D11A3564A300F2F54E /* Debug */,
				C2E899D21A3564A300F2F54E /* Release */,
			);
			defaultConfigurationIsVisible = 0;
			defaultConfigurationName = Release;
		};
		C2E899D31A3564A300F2F54E /* Build configuration list for PBXNativeTarget "PhotomaniaTests" */ = {
			isa = XCConfigurationList;
			buildConfigurations = (
				C2E899D41A3564A300F2F54E /* Debug */,
				C2E899D51A3564A300F2F54E /* Release */,
			);
			defaultConfigurationIsVisible = 0;
			defaultConfigurationName = Release;
		};
/* End XCConfigurationList section */

/* Begin XCVersionGroup section */
		C2E899D61A35654E00F2F54E /* Photomania.xcdatamodeld */ = {
			isa = XCVersionGroup;
			children = (
				C2E899D71A35654E00F2F54E /* Photomania.xcdatamodel */,
			);
			currentVersion = C2E899D71A35654E00F2F54E /* Photomania.xcdatamodel */;
			path = Photomania.xcdatamodeld;
			sourceTree = "<group>";
			versionGroupType = wrapper.xcdatamodel;
		};
/* End XCVersionGroup section */
	};
	rootObject = C2E899A51A3564A300F2F54E /* Project object */;
}
